
Microsoft Visual Studio Solution File, Format Version 12.00
# Visual Studio Version 17
VisualStudioVersion = 17.8.34330.188
MinimumVisualStudioVersion = 10.0.40219.1
Project("{FAE04EC0-301F-11D3-BF4B-00C04F79EFBC}") = "Student_Teacher", "Student_Teacher\Student_Teacher.csproj", "{F10841A0-DE16-47CA-87A5-20F9C678AF92}"
EndProject
Global
	GlobalSection(SolutionConfigurationPlatforms) = preSolution
		Debug|Any CPU = Debug|Any CPU
		Release|Any CPU = Release|Any CPU
	EndGlobalSection
	GlobalSection(ProjectConfigurationPlatforms) = postSolution
		{F10841A0-DE16-47CA-87A5-20F9C678AF92}.Debug|Any CPU.ActiveCfg = Debug|Any CPU
		{F10841A0-DE16-47CA-87A5-20F9C678AF92}.Debug|Any CPU.Build.0 = Debug|Any CPU
		{F10841A0-DE16-47CA-87A5-20F9C678AF92}.Release|Any CPU.ActiveCfg = Release|Any CPU
		{F10841A0-DE16-47CA-87A5-20F9C678AF92}.Release|Any CPU.Build.0 = Release|Any CPU
	EndGlobalSection
	GlobalSection(SolutionProperties) = preSolution
		HideSolutionNode = FALSE
	EndGlobalSection
	GlobalSection(ExtensibilityGlobals) = postSolution
		SolutionGuid = {12F7E1A4-F6ED-4A7D-92C6-D3C22825D828}
	EndGlobalSection
EndGlobal
